// !$*UTF8*$!
{
	archiveVersion = 1;
	classes = {
	};
	objectVersion = 56;
	objects = {

/* Begin PBXBuildFile section */
		26563D0D2BC335A6009FFFFC /* CarouselItemView.swift in Sources */ = {isa = PBXBuildFile; fileRef = 26563D0C2BC335A6009FFFFC /* CarouselItemView.swift */; };
		26563D0F2BC3390E009FFFFC /* CarouselTabView.swift in Sources */ = {isa = PBXBuildFile; fileRef = 26563D0E2BC3390E009FFFFC /* CarouselTabView.swift */; };
		26563D122BC437C4009FFFFC /* StoresItemView.swift in Sources */ = {isa = PBXBuildFile; fileRef = 26563D112BC437C4009FFFFC /* StoresItemView.swift */; };
		26563D142BC43973009FFFFC /* StoresContainerView.swift in Sources */ = {isa = PBXBuildFile; fileRef = 26563D132BC43973009FFFFC /* StoresContainerView.swift */; };
		2675361F2BB4757400D51493 /* Chef_DeliveryApp.swift in Sources */ = {isa = PBXBuildFile; fileRef = 2675361E2BB4757400D51493 /* Chef_DeliveryApp.swift */; };
		267536212BB4757400D51493 /* ContentView.swift in Sources */ = {isa = PBXBuildFile; fileRef = 267536202BB4757400D51493 /* ContentView.swift */; };
		267536232BB4757500D51493 /* Assets.xcassets in Resources */ = {isa = PBXBuildFile; fileRef = 267536222BB4757500D51493 /* Assets.xcassets */; };
		267536262BB4757500D51493 /* Preview Assets.xcassets in Resources */ = {isa = PBXBuildFile; fileRef = 267536252BB4757500D51493 /* Preview Assets.xcassets */; };
		267536302BB4757500D51493 /* Chef_DeliveryTests.swift in Sources */ = {isa = PBXBuildFile; fileRef = 2675362F2BB4757500D51493 /* Chef_DeliveryTests.swift */; };
		2675363A2BB4757500D51493 /* Chef_DeliveryUITests.swift in Sources */ = {isa = PBXBuildFile; fileRef = 267536392BB4757500D51493 /* Chef_DeliveryUITests.swift */; };
		2675363C2BB4757500D51493 /* Chef_DeliveryUITestsLaunchTests.swift in Sources */ = {isa = PBXBuildFile; fileRef = 2675363B2BB4757500D51493 /* Chef_DeliveryUITestsLaunchTests.swift */; };
		2675364E2BB475E100D51493 /* OrderTypeGridViewAlura.swift in Sources */ = {isa = PBXBuildFile; fileRef = 267536492BB475E100D51493 /* OrderTypeGridViewAlura.swift */; };
		2675364F2BB475E100D51493 /* OrderTypeView.swift in Sources */ = {isa = PBXBuildFile; fileRef = 2675364A2BB475E100D51493 /* OrderTypeView.swift */; };
		267536552BB475EA00D51493 /* ClientType.swift in Sources */ = {isa = PBXBuildFile; fileRef = 267536512BB475EA00D51493 /* ClientType.swift */; };
		267536562BB475EA00D51493 /* DataSourceMock.swift in Sources */ = {isa = PBXBuildFile; fileRef = 267536522BB475EA00D51493 /* DataSourceMock.swift */; };
		267536572BB475EA00D51493 /* OrderType.swift in Sources */ = {isa = PBXBuildFile; fileRef = 267536532BB475EA00D51493 /* OrderType.swift */; };
		2675365A2BB475F200D51493 /* NavigationBar.swift in Sources */ = {isa = PBXBuildFile; fileRef = 267536582BB475F200D51493 /* NavigationBar.swift */; };
/* End PBXBuildFile section */

/* Begin PBXContainerItemProxy section */
		2675362C2BB4757500D51493 /* PBXContainerItemProxy */ = {
			isa = PBXContainerItemProxy;
			containerPortal = 267536132BB4757400D51493 /* Project object */;
			proxyType = 1;
			remoteGlobalIDString = 2675361A2BB4757400D51493;
			remoteInfo = "Chef Delivery";
		};
		267536362BB4757500D51493 /* PBXContainerItemProxy */ = {
			isa = PBXContainerItemProxy;
			containerPortal = 267536132BB4757400D51493 /* Project object */;
			proxyType = 1;
			remoteGlobalIDString = 2675361A2BB4757400D51493;
			remoteInfo = "Chef Delivery";
		};
/* End PBXContainerItemProxy section */

/* Begin PBXFileReference section */
		26563D0C2BC335A6009FFFFC /* CarouselItemView.swift */ = {isa = PBXFileReference; lastKnownFileType = sourcecode.swift; path = CarouselItemView.swift; sourceTree = "<group>"; };
		26563D0E2BC3390E009FFFFC /* CarouselTabView.swift */ = {isa = PBXFileReference; lastKnownFileType = sourcecode.swift; path = CarouselTabView.swift; sourceTree = "<group>"; };
		26563D112BC437C4009FFFFC /* StoresItemView.swift */ = {isa = PBXFileReference; lastKnownFileType = sourcecode.swift; path = StoresItemView.swift; sourceTree = "<group>"; };
		26563D132BC43973009FFFFC /* StoresContainerView.swift */ = {isa = PBXFileReference; lastKnownFileType = sourcecode.swift; path = StoresContainerView.swift; sourceTree = "<group>"; };
		2675361B2BB4757400D51493 /* Chef Delivery.app */ = {isa = PBXFileReference; explicitFileType = wrapper.application; includeInIndex = 0; path = "Chef Delivery.app"; sourceTree = BUILT_PRODUCTS_DIR; };
		2675361E2BB4757400D51493 /* Chef_DeliveryApp.swift */ = {isa = PBXFileReference; lastKnownFileType = sourcecode.swift; path = Chef_DeliveryApp.swift; sourceTree = "<group>"; };
		267536202BB4757400D51493 /* ContentView.swift */ = {isa = PBXFileReference; lastKnownFileType = sourcecode.swift; path = ContentView.swift; sourceTree = "<group>"; };
		267536222BB4757500D51493 /* Assets.xcassets */ = {isa = PBXFileReference; lastKnownFileType = folder.assetcatalog; path = Assets.xcassets; sourceTree = "<group>"; };
		267536252BB4757500D51493 /* Preview Assets.xcassets */ = {isa = PBXFileReference; lastKnownFileType = folder.assetcatalog; path = "Preview Assets.xcassets"; sourceTree = "<group>"; };
		2675362B2BB4757500D51493 /* Chef DeliveryTests.xctest */ = {isa = PBXFileReference; explicitFileType = wrapper.cfbundle; includeInIndex = 0; path = "Chef DeliveryTests.xctest"; sourceTree = BUILT_PRODUCTS_DIR; };
		2675362F2BB4757500D51493 /* Chef_DeliveryTests.swift */ = {isa = PBXFileReference; lastKnownFileType = sourcecode.swift; path = Chef_DeliveryTests.swift; sourceTree = "<group>"; };
		267536352BB4757500D51493 /* Chef DeliveryUITests.xctest */ = {isa = PBXFileReference; explicitFileType = wrapper.cfbundle; includeInIndex = 0; path = "Chef DeliveryUITests.xctest"; sourceTree = BUILT_PRODUCTS_DIR; };
		267536392BB4757500D51493 /* Chef_DeliveryUITests.swift */ = {isa = PBXFileReference; lastKnownFileType = sourcecode.swift; path = Chef_DeliveryUITests.swift; sourceTree = "<group>"; };
		2675363B2BB4757500D51493 /* Chef_DeliveryUITestsLaunchTests.swift */ = {isa = PBXFileReference; lastKnownFileType = sourcecode.swift; path = Chef_DeliveryUITestsLaunchTests.swift; sourceTree = "<group>"; };
		267536492BB475E100D51493 /* OrderTypeGridViewAlura.swift */ = {isa = PBXFileReference; fileEncoding = 4; lastKnownFileType = sourcecode.swift; path = OrderTypeGridViewAlura.swift; sourceTree = "<group>"; };
		2675364A2BB475E100D51493 /* OrderTypeView.swift */ = {isa = PBXFileReference; fileEncoding = 4; lastKnownFileType = sourcecode.swift; path = OrderTypeView.swift; sourceTree = "<group>"; };
		267536512BB475EA00D51493 /* ClientType.swift */ = {isa = PBXFileReference; fileEncoding = 4; lastKnownFileType = sourcecode.swift; path = ClientType.swift; sourceTree = "<group>"; };
		267536522BB475EA00D51493 /* DataSourceMock.swift */ = {isa = PBXFileReference; fileEncoding = 4; lastKnownFileType = sourcecode.swift; path = DataSourceMock.swift; sourceTree = "<group>"; };
		267536532BB475EA00D51493 /* OrderType.swift */ = {isa = PBXFileReference; fileEncoding = 4; lastKnownFileType = sourcecode.swift; path = OrderType.swift; sourceTree = "<group>"; };
		267536582BB475F200D51493 /* NavigationBar.swift */ = {isa = PBXFileReference; fileEncoding = 4; lastKnownFileType = sourcecode.swift; path = NavigationBar.swift; sourceTree = "<group>"; };
/* End PBXFileReference section */

/* Begin PBXFrameworksBuildPhase section */
		267536182BB4757400D51493 /* Frameworks */ = {
			isa = PBXFrameworksBuildPhase;
			buildActionMask = 2147483647;
			files = (
			);
			runOnlyForDeploymentPostprocessing = 0;
		};
		267536282BB4757500D51493 /* Frameworks */ = {
			isa = PBXFrameworksBuildPhase;
			buildActionMask = 2147483647;
			files = (
			);
			runOnlyForDeploymentPostprocessing = 0;
		};
		267536322BB4757500D51493 /* Frameworks */ = {
			isa = PBXFrameworksBuildPhase;
			buildActionMask = 2147483647;
			files = (
			);
			runOnlyForDeploymentPostprocessing = 0;
		};
/* End PBXFrameworksBuildPhase section */

/* Begin PBXGroup section */
		26563D0B2BC33552009FFFFC /* CarouselView */ = {
			isa = PBXGroup;
			children = (
				26563D0C2BC335A6009FFFFC /* CarouselItemView.swift */,
				26563D0E2BC3390E009FFFFC /* CarouselTabView.swift */,
			);
			path = CarouselView;
			sourceTree = "<group>";
		};
		26563D102BC437A2009FFFFC /* StoresView */ = {
			isa = PBXGroup;
			children = (
				26563D112BC437C4009FFFFC /* StoresItemView.swift */,
				26563D132BC43973009FFFFC /* StoresContainerView.swift */,
			);
			path = StoresView;
			sourceTree = "<group>";
		};
		267536122BB4757400D51493 = {
			isa = PBXGroup;
			children = (
				2675361D2BB4757400D51493 /* Chef Delivery */,
				2675362E2BB4757500D51493 /* Chef DeliveryTests */,
				267536382BB4757500D51493 /* Chef DeliveryUITests */,
				2675361C2BB4757400D51493 /* Products */,
			);
			sourceTree = "<group>";
		};
		2675361C2BB4757400D51493 /* Products */ = {
			isa = PBXGroup;
			children = (
				2675361B2BB4757400D51493 /* Chef Delivery.app */,
				2675362B2BB4757500D51493 /* Chef DeliveryTests.xctest */,
				267536352BB4757500D51493 /* Chef DeliveryUITests.xctest */,
			);
			name = Products;
			sourceTree = "<group>";
		};
		2675361D2BB4757400D51493 /* Chef Delivery */ = {
			isa = PBXGroup;
			children = (
				2675365C2BB4774100D51493 /* App */,
				267536542BB475EA00D51493 /* Model */,
				267536592BB475F200D51493 /* NavigationBar */,
				2675364C2BB475E100D51493 /* GridView */,
				26563D0B2BC33552009FFFFC /* CarouselView */,
				26563D102BC437A2009FFFFC /* StoresView */,
				267536222BB4757500D51493 /* Assets.xcassets */,
				267536242BB4757500D51493 /* Preview Content */,
			);
			path = "Chef Delivery";
			sourceTree = "<group>";
		};
		267536242BB4757500D51493 /* Preview Content */ = {
			isa = PBXGroup;
			children = (
				267536252BB4757500D51493 /* Preview Assets.xcassets */,
			);
			path = "Preview Content";
			sourceTree = "<group>";
		};
		2675362E2BB4757500D51493 /* Chef DeliveryTests */ = {
			isa = PBXGroup;
			children = (
				2675362F2BB4757500D51493 /* Chef_DeliveryTests.swift */,
			);
			path = "Chef DeliveryTests";
			sourceTree = "<group>";
		};
		267536382BB4757500D51493 /* Chef DeliveryUITests */ = {
			isa = PBXGroup;
			children = (
				267536392BB4757500D51493 /* Chef_DeliveryUITests.swift */,
				2675363B2BB4757500D51493 /* Chef_DeliveryUITestsLaunchTests.swift */,
			);
			path = "Chef DeliveryUITests";
			sourceTree = "<group>";
		};
		2675364C2BB475E100D51493 /* GridView */ = {
			isa = PBXGroup;
			children = (
				267536492BB475E100D51493 /* OrderTypeGridViewAlura.swift */,
				2675364A2BB475E100D51493 /* OrderTypeView.swift */,
			);
			path = GridView;
			sourceTree = "<group>";
		};
		267536542BB475EA00D51493 /* Model */ = {
			isa = PBXGroup;
			children = (
				267536512BB475EA00D51493 /* ClientType.swift */,
				267536522BB475EA00D51493 /* DataSourceMock.swift */,
				267536532BB475EA00D51493 /* OrderType.swift */,
			);
			path = Model;
			sourceTree = "<group>";
		};
		267536592BB475F200D51493 /* NavigationBar */ = {
			isa = PBXGroup;
			children = (
				267536582BB475F200D51493 /* NavigationBar.swift */,
			);
			path = NavigationBar;
			sourceTree = "<group>";
		};
		2675365C2BB4774100D51493 /* App */ = {
			isa = PBXGroup;
			children = (
				2675361E2BB4757400D51493 /* Chef_DeliveryApp.swift */,
				267536202BB4757400D51493 /* ContentView.swift */,
			);
			path = App;
			sourceTree = "<group>";
		};
/* End PBXGroup section */

/* Begin PBXNativeTarget section */
		2675361A2BB4757400D51493 /* Chef Delivery */ = {
			isa = PBXNativeTarget;
			buildConfigurationList = 2675363F2BB4757500D51493 /* Build configuration list for PBXNativeTarget "Chef Delivery" */;
			buildPhases = (
				267536172BB4757400D51493 /* Sources */,
				267536182BB4757400D51493 /* Frameworks */,
				267536192BB4757400D51493 /* Resources */,
			);
			buildRules = (
			);
			dependencies = (
			);
			name = "Chef Delivery";
			productName = "Chef Delivery";
			productReference = 2675361B2BB4757400D51493 /* Chef Delivery.app */;
			productType = "com.apple.product-type.application";
		};
		2675362A2BB4757500D51493 /* Chef DeliveryTests */ = {
			isa = PBXNativeTarget;
			buildConfigurationList = 267536422BB4757500D51493 /* Build configuration list for PBXNativeTarget "Chef DeliveryTests" */;
			buildPhases = (
				267536272BB4757500D51493 /* Sources */,
				267536282BB4757500D51493 /* Frameworks */,
				267536292BB4757500D51493 /* Resources */,
			);
			buildRules = (
			);
			dependencies = (
				2675362D2BB4757500D51493 /* PBXTargetDependency */,
			);
			name = "Chef DeliveryTests";
			productName = "Chef DeliveryTests";
			productReference = 2675362B2BB4757500D51493 /* Chef DeliveryTests.xctest */;
			productType = "com.apple.product-type.bundle.unit-test";
		};
		267536342BB4757500D51493 /* Chef DeliveryUITests */ = {
			isa = PBXNativeTarget;
			buildConfigurationList = 267536452BB4757500D51493 /* Build configuration list for PBXNativeTarget "Chef DeliveryUITests" */;
			buildPhases = (
				267536312BB4757500D51493 /* Sources */,
				267536322BB4757500D51493 /* Frameworks */,
				267536332BB4757500D51493 /* Resources */,
			);
			buildRules = (
			);
			dependencies = (
				267536372BB4757500D51493 /* PBXTargetDependency */,
			);
			name = "Chef DeliveryUITests";
			productName = "Chef DeliveryUITests";
			productReference = 267536352BB4757500D51493 /* Chef DeliveryUITests.xctest */;
			productType = "com.apple.product-type.bundle.ui-testing";
		};
/* End PBXNativeTarget section */

/* Begin PBXProject section */
		267536132BB4757400D51493 /* Project object */ = {
			isa = PBXProject;
			attributes = {
				BuildIndependentTargetsInParallel = 1;
				LastSwiftUpdateCheck = 1530;
				LastUpgradeCheck = 1530;
				TargetAttributes = {
					2675361A2BB4757400D51493 = {
						CreatedOnToolsVersion = 15.3;
					};
					2675362A2BB4757500D51493 = {
						CreatedOnToolsVersion = 15.3;
						TestTargetID = 2675361A2BB4757400D51493;
					};
					267536342BB4757500D51493 = {
						CreatedOnToolsVersion = 15.3;
						TestTargetID = 2675361A2BB4757400D51493;
					};
				};
			};
			buildConfigurationList = 267536162BB4757400D51493 /* Build configuration list for PBXProject "Chef Delivery" */;
			compatibilityVersion = "Xcode 14.0";
			developmentRegion = en;
			hasScannedForEncodings = 0;
			knownRegions = (
				en,
				Base,
			);
			mainGroup = 267536122BB4757400D51493;
			productRefGroup = 2675361C2BB4757400D51493 /* Products */;
			projectDirPath = "";
			projectRoot = "";
			targets = (
				2675361A2BB4757400D51493 /* Chef Delivery */,
				2675362A2BB4757500D51493 /* Chef DeliveryTests */,
				267536342BB4757500D51493 /* Chef DeliveryUITests */,
			);
		};
/* End PBXProject section */

/* Begin PBXResourcesBuildPhase section */
		267536192BB4757400D51493 /* Resources */ = {
			isa = PBXResourcesBuildPhase;
			buildActionMask = 2147483647;
			files = (
				267536262BB4757500D51493 /* Preview Assets.xcassets in Resources */,
				267536232BB4757500D51493 /* Assets.xcassets in Resources */,
			);
			runOnlyForDeploymentPostprocessing = 0;
		};
		267536292BB4757500D51493 /* Resources */ = {
			isa = PBXResourcesBuildPhase;
			buildActionMask = 2147483647;
			files = (
			);
			runOnlyForDeploymentPostprocessing = 0;
		};
		267536332BB4757500D51493 /* Resources */ = {
			isa = PBXResourcesBuildPhase;
			buildActionMask = 2147483647;
			files = (
			);
			runOnlyForDeploymentPostprocessing = 0;
		};
/* End PBXResourcesBuildPhase section */

/* Begin PBXSourcesBuildPhase section */
		267536172BB4757400D51493 /* Sources */ = {
			isa = PBXSourcesBuildPhase;
			buildActionMask = 2147483647;
			files = (
				267536572BB475EA00D51493 /* OrderType.swift in Sources */,
				26563D0D2BC335A6009FFFFC /* CarouselItemView.swift in Sources */,
				26563D142BC43973009FFFFC /* StoresContainerView.swift in Sources */,
				267536552BB475EA00D51493 /* ClientType.swift in Sources */,
				267536212BB4757400D51493 /* ContentView.swift in Sources */,
				2675361F2BB4757400D51493 /* Chef_DeliveryApp.swift in Sources */,
				2675365A2BB475F200D51493 /* NavigationBar.swift in Sources */,
				26563D0F2BC3390E009FFFFC /* CarouselTabView.swift in Sources */,
				267536562BB475EA00D51493 /* DataSourceMock.swift in Sources */,
				2675364E2BB475E100D51493 /* OrderTypeGridViewAlura.swift in Sources */,
				26563D122BC437C4009FFFFC /* StoresItemView.swift in Sources */,
				2675364F2BB475E100D51493 /* OrderTypeView.swift in Sources */,
			);
			runOnlyForDeploymentPostprocessing = 0;
		};
		267536272BB4757500D51493 /* Sources */ = {
			isa = PBXSourcesBuildPhase;
			buildActionMask = 2147483647;
			files = (
				267536302BB4757500D51493 /* Chef_DeliveryTests.swift in Sources */,
			);
			runOnlyForDeploymentPostprocessing = 0;
		};
		267536312BB4757500D51493 /* Sources */ = {
			isa = PBXSourcesBuildPhase;
			buildActionMask = 2147483647;
			files = (
				2675363C2BB4757500D51493 /* Chef_DeliveryUITestsLaunchTests.swift in Sources */,
				2675363A2BB4757500D51493 /* Chef_DeliveryUITests.swift in Sources */,
			);
			runOnlyForDeploymentPostprocessing = 0;
		};
/* End PBXSourcesBuildPhase section */

/* Begin PBXTargetDependency section */
		2675362D2BB4757500D51493 /* PBXTargetDependency */ = {
			isa = PBXTargetDependency;
			target = 2675361A2BB4757400D51493 /* Chef Delivery */;
			targetProxy = 2675362C2BB4757500D51493 /* PBXContainerItemProxy */;
		};
		267536372BB4757500D51493 /* PBXTargetDependency */ = {
			isa = PBXTargetDependency;
			target = 2675361A2BB4757400D51493 /* Chef Delivery */;
			targetProxy = 267536362BB4757500D51493 /* PBXContainerItemProxy */;
		};
/* End PBXTargetDependency section */

/* Begin XCBuildConfiguration section */
		2675363D2BB4757500D51493 /* Debug */ = {
			isa = XCBuildConfiguration;
			buildSettings = {
				ALWAYS_SEARCH_USER_PATHS = NO;
				ASSETCATALOG_COMPILER_GENERATE_SWIFT_ASSET_SYMBOL_EXTENSIONS = YES;
				CLANG_ANALYZER_NONNULL = YES;
				CLANG_ANALYZER_NUMBER_OBJECT_CONVERSION = YES_AGGRESSIVE;
				CLANG_CXX_LANGUAGE_STANDARD = "gnu++20";
				CLANG_ENABLE_MODULES = YES;
				CLANG_ENABLE_OBJC_ARC = YES;
				CLANG_ENABLE_OBJC_WEAK = YES;
				CLANG_WARN_BLOCK_CAPTURE_AUTORELEASING = YES;
				CLANG_WARN_BOOL_CONVERSION = YES;
				CLANG_WARN_COMMA = YES;
				CLANG_WARN_CONSTANT_CONVERSION = YES;
				CLANG_WARN_DEPRECATED_OBJC_IMPLEMENTATIONS = YES;
				CLANG_WARN_DIRECT_OBJC_ISA_USAGE = YES_ERROR;
				CLANG_WARN_DOCUMENTATION_COMMENTS = YES;
				CLANG_WARN_EMPTY_BODY = YES;
				CLANG_WARN_ENUM_CONVERSION = YES;
				CLANG_WARN_INFINITE_RECURSION = YES;
				CLANG_WARN_INT_CONVERSION = YES;
				CLANG_WARN_NON_LITERAL_NULL_CONVERSION = YES;
				CLANG_WARN_OBJC_IMPLICIT_RETAIN_SELF = YES;
				CLANG_WARN_OBJC_LITERAL_CONVERSION = YES;
				CLANG_WARN_OBJC_ROOT_CLASS = YES_ERROR;
				CLANG_WARN_QUOTED_INCLUDE_IN_FRAMEWORK_HEADER = YES;
				CLANG_WARN_RANGE_LOOP_ANALYSIS = YES;
				CLANG_WARN_STRICT_PROTOTYPES = YES;
				CLANG_WARN_SUSPICIOUS_MOVE = YES;
				CLANG_WARN_UNGUARDED_AVAILABILITY = YES_AGGRESSIVE;
				CLANG_WARN_UNREACHABLE_CODE = YES;
				CLANG_WARN__DUPLICATE_METHOD_MATCH = YES;
				COPY_PHASE_STRIP = NO;
				DEBUG_INFORMATION_FORMAT = dwarf;
				ENABLE_STRICT_OBJC_MSGSEND = YES;
				ENABLE_TESTABILITY = YES;
				ENABLE_USER_SCRIPT_SANDBOXING = YES;
				GCC_C_LANGUAGE_STANDARD = gnu17;
				GCC_DYNAMIC_NO_PIC = NO;
				GCC_NO_COMMON_BLOCKS = YES;
				GCC_OPTIMIZATION_LEVEL = 0;
				GCC_PREPROCESSOR_DEFINITIONS = (
					"DEBUG=1",
					"$(inherited)",
				);
				GCC_WARN_64_TO_32_BIT_CONVERSION = YES;
				GCC_WARN_ABOUT_RETURN_TYPE = YES_ERROR;
				GCC_WARN_UNDECLARED_SELECTOR = YES;
				GCC_WARN_UNINITIALIZED_AUTOS = YES_AGGRESSIVE;
				GCC_WARN_UNUSED_FUNCTION = YES;
				GCC_WARN_UNUSED_VARIABLE = YES;
				IPHONEOS_DEPLOYMENT_TARGET = 17.4;
				LOCALIZATION_PREFERS_STRING_CATALOGS = YES;
				MTL_ENABLE_DEBUG_INFO = INCLUDE_SOURCE;
				MTL_FAST_MATH = YES;
				ONLY_ACTIVE_ARCH = YES;
				SDKROOT = iphoneos;
				SWIFT_ACTIVE_COMPILATION_CONDITIONS = "DEBUG $(inherited)";
				SWIFT_OPTIMIZATION_LEVEL = "-Onone";
			};
			name = Debug;
		};
		2675363E2BB4757500D51493 /* Release */ = {
			isa = XCBuildConfiguration;
			buildSettings = {
				ALWAYS_SEARCH_USER_PATHS = NO;
				ASSETCATALOG_COMPILER_GENERATE_SWIFT_ASSET_SYMBOL_EXTENSIONS = YES;
				CLANG_ANALYZER_NONNULL = YES;
				CLANG_ANALYZER_NUMBER_OBJECT_CONVERSION = YES_AGGRESSIVE;
				CLANG_CXX_LANGUAGE_STANDARD = "gnu++20";
				CLANG_ENABLE_MODULES = YES;
				CLANG_ENABLE_OBJC_ARC = YES;
				CLANG_ENABLE_OBJC_WEAK = YES;
				CLANG_WARN_BLOCK_CAPTURE_AUTORELEASING = YES;
				CLANG_WARN_BOOL_CONVERSION = YES;
				CLANG_WARN_COMMA = YES;
				CLANG_WARN_CONSTANT_CONVERSION = YES;
				CLANG_WARN_DEPRECATED_OBJC_IMPLEMENTATIONS = YES;
				CLANG_WARN_DIRECT_OBJC_ISA_USAGE = YES_ERROR;
				CLANG_WARN_DOCUMENTATION_COMMENTS = YES;
				CLANG_WARN_EMPTY_BODY = YES;
				CLANG_WARN_ENUM_CONVERSION = YES;
				CLANG_WARN_INFINITE_RECURSION = YES;
				CLANG_WARN_INT_CONVERSION = YES;
				CLANG_WARN_NON_LITERAL_NULL_CONVERSION = YES;
				CLANG_WARN_OBJC_IMPLICIT_RETAIN_SELF = YES;
				CLANG_WARN_OBJC_LITERAL_CONVERSION = YES;
				CLANG_WARN_OBJC_ROOT_CLASS = YES_ERROR;
				CLANG_WARN_QUOTED_INCLUDE_IN_FRAMEWORK_HEADER = YES;
				CLANG_WARN_RANGE_LOOP_ANALYSIS = YES;
				CLANG_WARN_STRICT_PROTOTYPES = YES;
				CLANG_WARN_SUSPICIOUS_MOVE = YES;
				CLANG_WARN_UNGUARDED_AVAILABILITY = YES_AGGRESSIVE;
				CLANG_WARN_UNREACHABLE_CODE = YES;
				CLANG_WARN__DUPLICATE_METHOD_MATCH = YES;
				COPY_PHASE_STRIP = NO;
				DEBUG_INFORMATION_FORMAT = "dwarf-with-dsym";
				ENABLE_NS_ASSERTIONS = NO;
				ENABLE_STRICT_OBJC_MSGSEND = YES;
				ENABLE_USER_SCRIPT_SANDBOXING = YES;
				GCC_C_LANGUAGE_STANDARD = gnu17;
				GCC_NO_COMMON_BLOCKS = YES;
				GCC_WARN_64_TO_32_BIT_CONVERSION = YES;
				GCC_WARN_ABOUT_RETURN_TYPE = YES_ERROR;
				GCC_WARN_UNDECLARED_SELECTOR = YES;
				GCC_WARN_UNINITIALIZED_AUTOS = YES_AGGRESSIVE;
				GCC_WARN_UNUSED_FUNCTION = YES;
				GCC_WARN_UNUSED_VARIABLE = YES;
				IPHONEOS_DEPLOYMENT_TARGET = 17.4;
				LOCALIZATION_PREFERS_STRING_CATALOGS = YES;
				MTL_ENABLE_DEBUG_INFO = NO;
				MTL_FAST_MATH = YES;
				SDKROOT = iphoneos;
				SWIFT_COMPILATION_MODE = wholemodule;
				VALIDATE_PRODUCT = YES;
			};
			name = Release;
		};
		267536402BB4757500D51493 /* Debug */ = {
			isa = XCBuildConfiguration;
			buildSettings = {
				ASSETCATALOG_COMPILER_APPICON_NAME = AppIcon;
				ASSETCATALOG_COMPILER_GLOBAL_ACCENT_COLOR_NAME = AccentColor;
				CODE_SIGN_STYLE = Automatic;
				CURRENT_PROJECT_VERSION = 1;
				DEVELOPMENT_ASSET_PATHS = "\"Chef Delivery/Preview Content\"";
				DEVELOPMENT_TEAM = UM58U35653;
				ENABLE_PREVIEWS = YES;
				GENERATE_INFOPLIST_FILE = YES;
				INFOPLIST_KEY_UIApplicationSceneManifest_Generation = YES;
				INFOPLIST_KEY_UIApplicationSupportsIndirectInputEvents = YES;
				INFOPLIST_KEY_UILaunchScreen_Generation = YES;
				INFOPLIST_KEY_UISupportedInterfaceOrientations_iPad = "UIInterfaceOrientationPortrait UIInterfaceOrientationPortraitUpsideDown UIInterfaceOrientationLandscapeLeft UIInterfaceOrientationLandscapeRight";
				INFOPLIST_KEY_UISupportedInterfaceOrientations_iPhone = "UIInterfaceOrientationPortrait UIInterfaceOrientationLandscapeLeft UIInterfaceOrientationLandscapeRight";
				LD_RUNPATH_SEARCH_PATHS = (
					"$(inherited)",
					"@executable_path/Frameworks",
				);
				MARKETING_VERSION = 1.0;
				PRODUCT_BUNDLE_IDENTIFIER = "net.uamoon.Chef-Delivery";
				PRODUCT_NAME = "$(TARGET_NAME)";
				SWIFT_EMIT_LOC_STRINGS = YES;
				SWIFT_VERSION = 5.0;
				TARGETED_DEVICE_FAMILY = "1,2";
			};
			name = Debug;
		};
		267536412BB4757500D51493 /* Release */ = {
			isa = XCBuildConfiguration;
			buildSettings = {
				ASSETCATALOG_COMPILER_APPICON_NAME = AppIcon;
				ASSETCATALOG_COMPILER_GLOBAL_ACCENT_COLOR_NAME = AccentColor;
				CODE_SIGN_STYLE = Automatic;
				CURRENT_PROJECT_VERSION = 1;
				DEVELOPMENT_ASSET_PATHS = "\"Chef Delivery/Preview Content\"";
				DEVELOPMENT_TEAM = UM58U35653;
				ENABLE_PREVIEWS = YES;
				GENERATE_INFOPLIST_FILE = YES;
				INFOPLIST_KEY_UIApplicationSceneManifest_Generation = YES;
				INFOPLIST_KEY_UIApplicationSupportsIndirectInputEvents = YES;
				INFOPLIST_KEY_UILaunchScreen_Generation = YES;
				INFOPLIST_KEY_UISupportedInterfaceOrientations_iPad = "UIInterfaceOrientationPortrait UIInterfaceOrientationPortraitUpsideDown UIInterfaceOrientationLandscapeLeft UIInterfaceOrientationLandscapeRight";
				INFOPLIST_KEY_UISupportedInterfaceOrientations_iPhone = "UIInterfaceOrientationPortrait UIInterfaceOrientationLandscapeLeft UIInterfaceOrientationLandscapeRight";
				LD_RUNPATH_SEARCH_PATHS = (
					"$(inherited)",
					"@executable_path/Frameworks",
				);
				MARKETING_VERSION = 1.0;
				PRODUCT_BUNDLE_IDENTIFIER = "net.uamoon.Chef-Delivery";
				PRODUCT_NAME = "$(TARGET_NAME)";
				SWIFT_EMIT_LOC_STRINGS = YES;
				SWIFT_VERSION = 5.0;
				TARGETED_DEVICE_FAMILY = "1,2";
			};
			name = Release;
		};
		267536432BB4757500D51493 /* Debug */ = {
			isa = XCBuildConfiguration;
			buildSettings = {
				ALWAYS_EMBED_SWIFT_STANDARD_LIBRARIES = YES;
				BUNDLE_LOADER = "$(TEST_HOST)";
				CODE_SIGN_STYLE = Automatic;
				CURRENT_PROJECT_VERSION = 1;
				DEVELOPMENT_TEAM = UM58U35653;
				GENERATE_INFOPLIST_FILE = YES;
				IPHONEOS_DEPLOYMENT_TARGET = 17.4;
				MARKETING_VERSION = 1.0;
				PRODUCT_BUNDLE_IDENTIFIER = "net.uamoon.Chef-DeliveryTests";
				PRODUCT_NAME = "$(TARGET_NAME)";
				SWIFT_EMIT_LOC_STRINGS = NO;
				SWIFT_VERSION = 5.0;
				TARGETED_DEVICE_FAMILY = "1,2";
				TEST_HOST = "$(BUILT_PRODUCTS_DIR)/Chef Delivery.app/$(BUNDLE_EXECUTABLE_FOLDER_PATH)/Chef Delivery";
			};
			name = Debug;
		};
		267536442BB4757500D51493 /* Release */ = {
			isa = XCBuildConfiguration;
			buildSettings = {
				ALWAYS_EMBED_SWIFT_STANDARD_LIBRARIES = YES;
				BUNDLE_LOADER = "$(TEST_HOST)";
				CODE_SIGN_STYLE = Automatic;
				CURRENT_PROJECT_VERSION = 1;
				DEVELOPMENT_TEAM = UM58U35653;
				GENERATE_INFOPLIST_FILE = YES;
				IPHONEOS_DEPLOYMENT_TARGET = 17.4;
				MARKETING_VERSION = 1.0;
				PRODUCT_BUNDLE_IDENTIFIER = "net.uamoon.Chef-DeliveryTests";
				PRODUCT_NAME = "$(TARGET_NAME)";
				SWIFT_EMIT_LOC_STRINGS = NO;
				SWIFT_VERSION = 5.0;
				TARGETED_DEVICE_FAMILY = "1,2";
				TEST_HOST = "$(BUILT_PRODUCTS_DIR)/Chef Delivery.app/$(BUNDLE_EXECUTABLE_FOLDER_PATH)/Chef Delivery";
			};
			name = Release;
		};
		267536462BB4757500D51493 /* Debug */ = {
			isa = XCBuildConfiguration;
			buildSettings = {
				ALWAYS_EMBED_SWIFT_STANDARD_LIBRARIES = YES;
				CODE_SIGN_STYLE = Automatic;
				CURRENT_PROJECT_VERSION = 1;
				DEVELOPMENT_TEAM = UM58U35653;
				GENERATE_INFOPLIST_FILE = YES;
				MARKETING_VERSION = 1.0;
				PRODUCT_BUNDLE_IDENTIFIER = "net.uamoon.Chef-DeliveryUITests";
				PRODUCT_NAME = "$(TARGET_NAME)";
				SWIFT_EMIT_LOC_STRINGS = NO;
				SWIFT_VERSION = 5.0;
				TARGETED_DEVICE_FAMILY = "1,2";
				TEST_TARGET_NAME = "Chef Delivery";
			};
			name = Debug;
		};
		267536472BB4757500D51493 /* Release */ = {
			isa = XCBuildConfiguration;
			buildSettings = {
				ALWAYS_EMBED_SWIFT_STANDARD_LIBRARIES = YES;
				CODE_SIGN_STYLE = Automatic;
				CURRENT_PROJECT_VERSION = 1;
				DEVELOPMENT_TEAM = UM58U35653;
				GENERATE_INFOPLIST_FILE = YES;
				MARKETING_VERSION = 1.0;
				PRODUCT_BUNDLE_IDENTIFIER = "net.uamoon.Chef-DeliveryUITests";
				PRODUCT_NAME = "$(TARGET_NAME)";
				SWIFT_EMIT_LOC_STRINGS = NO;
				SWIFT_VERSION = 5.0;
				TARGETED_DEVICE_FAMILY = "1,2";
				TEST_TARGET_NAME = "Chef Delivery";
			};
			name = Release;
		};
/* End XCBuildConfiguration section */

/* Begin XCConfigurationList section */
		267536162BB4757400D51493 /* Build configuration list for PBXProject "Chef Delivery" */ = {
			isa = XCConfigurationList;
			buildConfigurations = (
				2675363D2BB4757500D51493 /* Debug */,
				2675363E2BB4757500D51493 /* Release */,
			);
			defaultConfigurationIsVisible = 0;
			defaultConfigurationName = Release;
		};
		2675363F2BB4757500D51493 /* Build configuration list for PBXNativeTarget "Chef Delivery" */ = {
			isa = XCConfigurationList;
			buildConfigurations = (
				267536402BB4757500D51493 /* Debug */,
				267536412BB4757500D51493 /* Release */,
			);
			defaultConfigurationIsVisible = 0;
			defaultConfigurationName = Release;
		};
		267536422BB4757500D51493 /* Build configuration list for PBXNativeTarget "Chef DeliveryTests" */ = {
			isa = XCConfigurationList;
			buildConfigurations = (
				267536432BB4757500D51493 /* Debug */,
				267536442BB4757500D51493 /* Release */,
			);
			defaultConfigurationIsVisible = 0;
			defaultConfigurationName = Release;
		};
		267536452BB4757500D51493 /* Build configuration list for PBXNativeTarget "Chef DeliveryUITests" */ = {
			isa = XCConfigurationList;
			buildConfigurations = (
				267536462BB4757500D51493 /* Debug */,
				267536472BB4757500D51493 /* Release */,
			);
			defaultConfigurationIsVisible = 0;
			defaultConfigurationName = Release;
		};
/* End XCConfigurationList section */
	};
	rootObject = 267536132BB4757400D51493 /* Project object */;
}
